<?xml version="1.0" encoding="utf-8"?>
<Project ToolsVersion="4.0" xmlns="http://schemas.microsoft.com/developer/msbuild/2003">
  <ItemGroup>
    <ClCompile Include="main.cpp" />
    <ClCompile Include="stdafx.cpp" />
    <ClCompile Include="Core\Core.cpp">
      <Filter>Core</Filter>
    </ClCompile>
    <ClCompile Include="Managers\ElementManager.cpp">
      <Filter>Managers</Filter>
    </ClCompile>
    <ClCompile Include="Managers\ConfigManager.cpp">
      <Filter>Managers</Filter>
    </ClCompile>
    <ClCompile Include="Managers\EventManager.cpp">
      <Filter>Managers</Filter>
    </ClCompile>
    <ClCompile Include="Managers\LogManager.cpp">
      <Filter>Managers</Filter>
    </ClCompile>
    <ClCompile Include="Managers\LuaManager.cpp">
      <Filter>Managers</Filter>
    </ClCompile>
    <ClCompile Include="Managers\MemoryManager.cpp">
      <Filter>Managers</Filter>
    </ClCompile>
    <ClCompile Include="Managers\NetworkManager.cpp">
      <Filter>Managers</Filter>
    </ClCompile>
    <ClCompile Include="Lua\ArgReader.cpp">
      <Filter>Lua</Filter>
    </ClCompile>
    <ClCompile Include="Lua\LuaArguments.cpp">
      <Filter>Lua</Filter>
    </ClCompile>
    <ClCompile Include="..\vendor\luautf8\lutf8lib.c">
      <Filter>vendor\luautf8</Filter>
    </ClCompile>
    <ClCompile Include="..\vendor\pugixml\pugixml.cpp">
      <Filter>vendor\pugixml</Filter>
    </ClCompile>
    <ClCompile Include="Elements\Client.cpp">
      <Filter>Elements</Filter>
    </ClCompile>
    <ClCompile Include="Elements\File.cpp">
      <Filter>Elements</Filter>
    </ClCompile>
    <ClCompile Include="Elements\Element.cpp">
      <Filter>Elements</Filter>
    </ClCompile>
    <ClCompile Include="Utils\CustomData.cpp">
      <Filter>Utils</Filter>
    </ClCompile>
    <ClCompile Include="Lua\LuaDefs\LuaElementDef.cpp">
      <Filter>Lua\LuaDefs</Filter>
    </ClCompile>
    <ClCompile Include="Lua\LuaDefs\LuaEventsDef.cpp">
      <Filter>Lua\LuaDefs</Filter>
    </ClCompile>
    <ClCompile Include="Lua\LuaDefs\LuaFileDef.cpp">
      <Filter>Lua\LuaDefs</Filter>
    </ClCompile>
    <ClCompile Include="Lua\LuaDefs\LuaUtilsDef.cpp">
      <Filter>Lua\LuaDefs</Filter>
    </ClCompile>
    <ClCompile Include="Lua\LuaDefs\LuaClientDef.cpp">
      <Filter>Lua\LuaDefs</Filter>
    </ClCompile>
    <ClCompile Include="Utils\EnumUtils.cpp">
      <Filter>Utils</Filter>
    </ClCompile>
    <ClCompile Include="Utils\PathUtils.cpp">
      <Filter>Utils</Filter>
    </ClCompile>
    <ClCompile Include="Utils\LuaUtils.cpp">
      <Filter>Utils</Filter>
    </ClCompile>
    <ClCompile Include="Lua\LuaFunction.cpp">
      <Filter>Lua</Filter>
    </ClCompile>
  </ItemGroup>
  <ItemGroup>
    <ClInclude Include="stdafx.h" />
    <ClInclude Include="RocInc.h" />
    <ClInclude Include="Core\Core.h">
      <Filter>Core</Filter>
    </ClInclude>
    <ClInclude Include="Managers\ConfigManager.h">
      <Filter>Managers</Filter>
    </ClInclude>
    <ClInclude Include="Managers\ElementManager.h">
      <Filter>Managers</Filter>
    </ClInclude>
    <ClInclude Include="Managers\EventManager.h">
      <Filter>Managers</Filter>
    </ClInclude>
    <ClInclude Include="Managers\LogManager.h">
      <Filter>Managers</Filter>
    </ClInclude>
    <ClInclude Include="Managers\LuaManager.h">
      <Filter>Managers</Filter>
    </ClInclude>
    <ClInclude Include="Managers\MemoryManager.h">
      <Filter>Managers</Filter>
    </ClInclude>
    <ClInclude Include="Managers\NetworkManager.h">
      <Filter>Managers</Filter>
    </ClInclude>
    <ClInclude Include="Lua\ArgReader.h">
      <Filter>Lua</Filter>
    </ClInclude>
    <ClInclude Include="Lua\LuaArguments.h">
      <Filter>Lua</Filter>
    </ClInclude>
    <ClInclude Include="Elements\Client.h">
      <Filter>Elements</Filter>
    </ClInclude>
    <ClInclude Include="Elements\File.h">
      <Filter>Elements</Filter>
    </ClInclude>
    <ClInclude Include="Elements\Element.h">
      <Filter>Elements</Filter>
    </ClInclude>
    <ClInclude Include="Utils\CustomData.h">
      <Filter>Utils</Filter>
    </ClInclude>
    <ClInclude Include="Lua\LuaDefs\LuaElementDef.h">
      <Filter>Lua\LuaDefs</Filter>
    </ClInclude>
    <ClInclude Include="Lua\LuaDefs\LuaEventsDef.h">
      <Filter>Lua\LuaDefs</Filter>
    </ClInclude>
    <ClInclude Include="Lua\LuaDefs\LuaFileDef.h">
      <Filter>Lua\LuaDefs</Filter>
    </ClInclude>
    <ClInclude Include="Lua\LuaDefs\LuaUtilsDef.h">
      <Filter>Lua\LuaDefs</Filter>
    </ClInclude>
    <ClInclude Include="Lua\LuaDefs\LuaClientDef.h">
      <Filter>Lua\LuaDefs</Filter>
    </ClInclude>
    <ClInclude Include="Utils\EnumUtils.h">
      <Filter>Utils</Filter>
    </ClInclude>
    <ClInclude Include="Utils\PathUtils.h">
      <Filter>Utils</Filter>
    </ClInclude>
    <ClInclude Include="Utils\LuaUtils.h">
      <Filter>Utils</Filter>
    </ClInclude>
    <ClInclude Include="Lua\LuaFunction.h">
      <Filter>Lua</Filter>
    </ClInclude>
  </ItemGroup>
  <ItemGroup>
    <Filter Include="Core">
      <UniqueIdentifier>{9d1129b6-9a96-4848-8707-30785531e9d9}</UniqueIdentifier>
    </Filter>
    <Filter Include="Managers">
      <UniqueIdentifier>{1b3f31b6-f13b-4c02-a1d8-9fcda054552a}</UniqueIdentifier>
    </Filter>
    <Filter Include="Lua">
      <UniqueIdentifier>{86bf85db-6d0d-40e6-8427-4b6eccc33449}</UniqueIdentifier>
    </Filter>
    <Filter Include="Utils">
      <UniqueIdentifier>{54482b7d-6497-4d41-9499-775ccfec032e}</UniqueIdentifier>
    </Filter>
    <Filter Include="vendor">
      <UniqueIdentifier>{420c2d5e-48f7-4b72-a7df-f38d215759be}</UniqueIdentifier>
    </Filter>
    <Filter Include="vendor\pugixml">
      <UniqueIdentifier>{14b2ed33-1e3b-4d9c-9e53-3bdf93b21a87}</UniqueIdentifier>
    </Filter>
    <Filter Include="vendor\luautf8">
      <UniqueIdentifier>{ca762ed9-eaf1-4698-ae82-4c1726fb43c3}</UniqueIdentifier>
    </Filter>
    <Filter Include="Elements">
      <UniqueIdentifier>{b29a6143-5d54-4661-8e92-94aa24f94b79}</UniqueIdentifier>
    </Filter>
    <Filter Include="Lua\LuaDefs">
      <UniqueIdentifier>{27625308-a46c-41bf-bbad-fe1d88a35cda}</UniqueIdentifier>
    </Filter>
  </ItemGroup>
</Project>