<?xml version="1.0" encoding="utf-8"?>
<Project ToolsVersion="4.0" xmlns="http://schemas.microsoft.com/developer/msbuild/2003">
  <ItemGroup>
    <ClCompile Include="dllmain.cpp" />
    <ClCompile Include="stdafx.cpp" />
    <ClCompile Include="Lua\LuaVM.cpp">
      <Filter>Lua</Filter>
    </ClCompile>
    <ClCompile Include="..\shared\Utils\EnumUtils.cpp">
      <Filter>shared\Utils</Filter>
    </ClCompile>
    <ClCompile Include="..\vendor\luautf8\lutf8lib.c">
      <Filter>vendor\luautf8</Filter>
    </ClCompile>
    <ClCompile Include="Module\EventHandler.cpp">
      <Filter>Module</Filter>
    </ClCompile>
    <ClCompile Include="Module\LuaModule.cpp">
      <Filter>Module</Filter>
    </ClCompile>
    <ClCompile Include="..\shared\Utils\LuaUtils.cpp">
      <Filter>shared\Utils</Filter>
    </ClCompile>
    <ClCompile Include="..\shared\Lua\LuaFunction.cpp">
      <Filter>shared\Lua</Filter>
    </ClCompile>
    <ClCompile Include="Lua\LuaDefs\LuaClientDef.cpp">
      <Filter>Lua\LuaDefs</Filter>
    </ClCompile>
    <ClCompile Include="Lua\LuaDefs\LuaElementDef.cpp">
      <Filter>Lua\LuaDefs</Filter>
    </ClCompile>
    <ClCompile Include="Lua\LuaDefs\LuaEventsDef.cpp">
      <Filter>Lua\LuaDefs</Filter>
    </ClCompile>
    <ClCompile Include="Lua\LuaDefs\LuaFileDef.cpp">
      <Filter>Lua\LuaDefs</Filter>
    </ClCompile>
    <ClCompile Include="Lua\LuaDefs\LuaUtilsDef.cpp">
      <Filter>Lua\LuaDefs</Filter>
    </ClCompile>
    <ClCompile Include="..\vendor\pugixml\src\pugixml.cpp">
      <Filter>vendor\pugixml</Filter>
    </ClCompile>
    <ClCompile Include="..\shared\Lua\LuaArgument.cpp">
      <Filter>shared\Lua</Filter>
    </ClCompile>
    <ClCompile Include="Lua\LuaArgReader.cpp">
      <Filter>Lua</Filter>
    </ClCompile>
  </ItemGroup>
  <ItemGroup>
    <ClInclude Include="stdafx.h" />
    <ClInclude Include="Lua\LuaVM.h">
      <Filter>Lua</Filter>
    </ClInclude>
    <ClInclude Include="Module\EventHandler.h">
      <Filter>Module</Filter>
    </ClInclude>
    <ClInclude Include="Module\LuaModule.h">
      <Filter>Module</Filter>
    </ClInclude>
    <ClInclude Include="Lua\LuaDefs\LuaClientDef.h">
      <Filter>Lua\LuaDefs</Filter>
    </ClInclude>
    <ClInclude Include="Lua\LuaDefs\LuaElementDef.h">
      <Filter>Lua\LuaDefs</Filter>
    </ClInclude>
    <ClInclude Include="Lua\LuaDefs\LuaEventsDef.h">
      <Filter>Lua\LuaDefs</Filter>
    </ClInclude>
    <ClInclude Include="Lua\LuaDefs\LuaFileDef.h">
      <Filter>Lua\LuaDefs</Filter>
    </ClInclude>
    <ClInclude Include="Lua\LuaDefs\LuaUtilsDef.h">
      <Filter>Lua\LuaDefs</Filter>
    </ClInclude>
    <ClInclude Include="Lua\LuaArgReader.h">
      <Filter>Lua</Filter>
    </ClInclude>
  </ItemGroup>
  <ItemGroup>
    <Filter Include="Lua">
      <UniqueIdentifier>{c817ff52-603f-4f24-8309-246a0fb02647}</UniqueIdentifier>
    </Filter>
    <Filter Include="Lua\LuaDefs">
      <UniqueIdentifier>{41e0f9e0-9251-4e23-b1e2-fdf941646183}</UniqueIdentifier>
    </Filter>
    <Filter Include="shared">
      <UniqueIdentifier>{6588d790-3db9-4d11-ab7d-87ae8335d0e3}</UniqueIdentifier>
    </Filter>
    <Filter Include="shared\Utils">
      <UniqueIdentifier>{25a16cdb-49d9-4e78-bb54-93245876e15d}</UniqueIdentifier>
    </Filter>
    <Filter Include="vendor">
      <UniqueIdentifier>{98643c28-1174-4f8f-bb77-7a03507b892f}</UniqueIdentifier>
    </Filter>
    <Filter Include="vendor\luautf8">
      <UniqueIdentifier>{74e04421-249d-4e8f-b35b-1fbebfa19f98}</UniqueIdentifier>
    </Filter>
    <Filter Include="vendor\pugixml">
      <UniqueIdentifier>{881a7193-06fe-4eb1-b4fb-b435a237a794}</UniqueIdentifier>
    </Filter>
    <Filter Include="Module">
      <UniqueIdentifier>{2de8f2d6-0f15-472e-9dac-2022011b3537}</UniqueIdentifier>
    </Filter>
    <Filter Include="shared\Lua">
      <UniqueIdentifier>{b76dce67-d0fd-43e9-b83c-252c21c980d8}</UniqueIdentifier>
    </Filter>
  </ItemGroup>
</Project>