<?xml version="1.0" encoding="utf-8"?>
<Project ToolsVersion="4.0" xmlns="http://schemas.microsoft.com/developer/msbuild/2003">
  <ItemGroup>
    <ClCompile Include="Managers\EventManager.cpp">
      <Filter>Managers</Filter>
    </ClCompile>
    <ClCompile Include="Managers\InheritanceManager.cpp">
      <Filter>Managers</Filter>
    </ClCompile>
    <ClCompile Include="Managers\LogManager.cpp">
      <Filter>Managers</Filter>
    </ClCompile>
    <ClCompile Include="Managers\LuaManager.cpp">
      <Filter>Managers</Filter>
    </ClCompile>
    <ClCompile Include="Managers\MemoryManager.cpp">
      <Filter>Managers</Filter>
    </ClCompile>
    <ClCompile Include="Managers\RenderManager.cpp">
      <Filter>Managers</Filter>
    </ClCompile>
    <ClCompile Include="Managers\SoundManager.cpp">
      <Filter>Managers</Filter>
    </ClCompile>
    <ClCompile Include="Model\Animation.cpp">
      <Filter>Model</Filter>
    </ClCompile>
    <ClCompile Include="Model\Bone.cpp">
      <Filter>Model</Filter>
    </ClCompile>
    <ClCompile Include="Model\Material.cpp">
      <Filter>Model</Filter>
    </ClCompile>
    <ClCompile Include="Model\Model.cpp">
      <Filter>Model</Filter>
    </ClCompile>
    <ClCompile Include="Model\Skeleton.cpp">
      <Filter>Model</Filter>
    </ClCompile>
    <ClCompile Include="Core\Core.cpp">
      <Filter>Core</Filter>
    </ClCompile>
    <ClCompile Include="Scene\Camera.cpp">
      <Filter>Scene</Filter>
    </ClCompile>
    <ClCompile Include="Scene\Light.cpp">
      <Filter>Scene</Filter>
    </ClCompile>
    <ClCompile Include="Scene\RenderTarget.cpp">
      <Filter>Scene</Filter>
    </ClCompile>
    <ClCompile Include="Scene\Scene.cpp">
      <Filter>Scene</Filter>
    </ClCompile>
    <ClCompile Include="Scene\Shader.cpp">
      <Filter>Scene</Filter>
    </ClCompile>
    <ClCompile Include="Scene\Sound.cpp">
      <Filter>Scene</Filter>
    </ClCompile>
    <ClCompile Include="Lua\ArgReader.cpp">
      <Filter>Lua</Filter>
    </ClCompile>
    <ClCompile Include="Lua\LuaArguments.cpp">
      <Filter>Lua</Filter>
    </ClCompile>
    <ClCompile Include="Utils\Utils.cpp">
      <Filter>Utils</Filter>
    </ClCompile>
    <ClCompile Include="main.cpp" />
    <ClCompile Include="Scene\Texture.cpp">
      <Filter>Scene</Filter>
    </ClCompile>
    <ClCompile Include="..\vendor\pugixml\pugixml.cpp">
      <Filter>vendor\pugixml</Filter>
    </ClCompile>
    <ClCompile Include="Managers\ElementManager.cpp">
      <Filter>Managers</Filter>
    </ClCompile>
    <ClCompile Include="Scene\Font.cpp">
      <Filter>Scene</Filter>
    </ClCompile>
    <ClCompile Include="..\vendor\lodepng\lodepng.cpp">
      <Filter>vendor\lodepng</Filter>
    </ClCompile>
    <ClCompile Include="Scene\Quad.cpp">
      <Filter>Scene</Filter>
    </ClCompile>
    <ClCompile Include="Managers\PhysicsManager.cpp">
      <Filter>Managers</Filter>
    </ClCompile>
    <ClCompile Include="Lua\LuaDefinitions.Animation.cpp">
      <Filter>Lua</Filter>
    </ClCompile>
    <ClCompile Include="Lua\LuaDefinitions.Camera.cpp">
      <Filter>Lua</Filter>
    </ClCompile>
    <ClCompile Include="Lua\LuaDefinitions.Events.cpp">
      <Filter>Lua</Filter>
    </ClCompile>
    <ClCompile Include="Lua\LuaDefinitions.Font.cpp">
      <Filter>Lua</Filter>
    </ClCompile>
    <ClCompile Include="Lua\LuaDefinitions.Light.cpp">
      <Filter>Lua</Filter>
    </ClCompile>
    <ClCompile Include="Lua\LuaDefinitions.Model.cpp">
      <Filter>Lua</Filter>
    </ClCompile>
    <ClCompile Include="Lua\LuaDefinitions.OpenGL.cpp">
      <Filter>Lua</Filter>
    </ClCompile>
    <ClCompile Include="Lua\LuaDefinitions.Physics.cpp">
      <Filter>Lua</Filter>
    </ClCompile>
    <ClCompile Include="Lua\LuaDefinitions.Rendering.cpp">
      <Filter>Lua</Filter>
    </ClCompile>
    <ClCompile Include="Lua\LuaDefinitions.RenderTarget.cpp">
      <Filter>Lua</Filter>
    </ClCompile>
    <ClCompile Include="Lua\LuaDefinitions.Scene.cpp">
      <Filter>Lua</Filter>
    </ClCompile>
    <ClCompile Include="Lua\LuaDefinitions.Shader.cpp">
      <Filter>Lua</Filter>
    </ClCompile>
    <ClCompile Include="Lua\LuaDefinitions.Sound.cpp">
      <Filter>Lua</Filter>
    </ClCompile>
    <ClCompile Include="Lua\LuaDefinitions.Texture.cpp">
      <Filter>Lua</Filter>
    </ClCompile>
    <ClCompile Include="Lua\LuaDefinitions.Utils.cpp">
      <Filter>Lua</Filter>
    </ClCompile>
    <ClCompile Include="Model\Geometry.cpp">
      <Filter>Model</Filter>
    </ClCompile>
    <ClCompile Include="Lua\LuaDefinitions.Geometry.cpp">
      <Filter>Lua</Filter>
    </ClCompile>
    <ClCompile Include="Scene\File.cpp">
      <Filter>Scene</Filter>
    </ClCompile>
    <ClCompile Include="Lua\LuaDefinitions.File.cpp">
      <Filter>Lua</Filter>
    </ClCompile>
    <ClCompile Include="Managers\ConfigManager.cpp">
      <Filter>Managers</Filter>
    </ClCompile>
    <ClCompile Include="stdafx.cpp" />
    <ClCompile Include="Managers\PreRenderManager.cpp">
      <Filter>Managers</Filter>
    </ClCompile>
    <ClCompile Include="..\vendor\luautf8\lutf8lib.c">
      <Filter>vendor\luauft8</Filter>
    </ClCompile>
    <ClCompile Include="Scene\Collision.cpp">
      <Filter>Scene</Filter>
    </ClCompile>
    <ClCompile Include="Lua\LuaDefinitions.Collision.cpp">
      <Filter>Lua</Filter>
    </ClCompile>
    <ClCompile Include="Utils\Pool.cpp">
      <Filter>Utils</Filter>
    </ClCompile>
    <ClCompile Include="Managers\SfmlManager.cpp">
      <Filter>Managers</Filter>
    </ClCompile>
    <ClCompile Include="Lua\LuaDefinitions.Sfml.cpp">
      <Filter>Lua</Filter>
    </ClCompile>
  </ItemGroup>
  <ItemGroup>
    <ClInclude Include="stdafx.h" />
    <ClInclude Include="Managers\EventManager.h">
      <Filter>Managers</Filter>
    </ClInclude>
    <ClInclude Include="Managers\InheritanceManager.h">
      <Filter>Managers</Filter>
    </ClInclude>
    <ClInclude Include="Managers\LogManager.h">
      <Filter>Managers</Filter>
    </ClInclude>
    <ClInclude Include="Managers\LuaManager.h">
      <Filter>Managers</Filter>
    </ClInclude>
    <ClInclude Include="Managers\MemoryManager.h">
      <Filter>Managers</Filter>
    </ClInclude>
    <ClInclude Include="Managers\RenderManager.h">
      <Filter>Managers</Filter>
    </ClInclude>
    <ClInclude Include="Managers\SoundManager.h">
      <Filter>Managers</Filter>
    </ClInclude>
    <ClInclude Include="Model\Animation.h">
      <Filter>Model</Filter>
    </ClInclude>
    <ClInclude Include="Model\Bone.h">
      <Filter>Model</Filter>
    </ClInclude>
    <ClInclude Include="Model\Material.h">
      <Filter>Model</Filter>
    </ClInclude>
    <ClInclude Include="Model\Model.h">
      <Filter>Model</Filter>
    </ClInclude>
    <ClInclude Include="Model\Skeleton.h">
      <Filter>Model</Filter>
    </ClInclude>
    <ClInclude Include="Core\Core.h">
      <Filter>Core</Filter>
    </ClInclude>
    <ClInclude Include="Scene\Camera.h">
      <Filter>Scene</Filter>
    </ClInclude>
    <ClInclude Include="Scene\Light.h">
      <Filter>Scene</Filter>
    </ClInclude>
    <ClInclude Include="Scene\RenderTarget.h">
      <Filter>Scene</Filter>
    </ClInclude>
    <ClInclude Include="Scene\Scene.h">
      <Filter>Scene</Filter>
    </ClInclude>
    <ClInclude Include="Scene\Shader.h">
      <Filter>Scene</Filter>
    </ClInclude>
    <ClInclude Include="Scene\Sound.h">
      <Filter>Scene</Filter>
    </ClInclude>
    <ClInclude Include="Lua\ArgReader.h">
      <Filter>Lua</Filter>
    </ClInclude>
    <ClInclude Include="Lua\LuaArguments.h">
      <Filter>Lua</Filter>
    </ClInclude>
    <ClInclude Include="Utils\Utils.h">
      <Filter>Utils</Filter>
    </ClInclude>
    <ClInclude Include="Scene\Texture.h">
      <Filter>Scene</Filter>
    </ClInclude>
    <ClInclude Include="Managers\ElementManager.h">
      <Filter>Managers</Filter>
    </ClInclude>
    <ClInclude Include="Scene\Font.h">
      <Filter>Scene</Filter>
    </ClInclude>
    <ClInclude Include="Scene\Quad.h">
      <Filter>Scene</Filter>
    </ClInclude>
    <ClInclude Include="Managers\PhysicsManager.h">
      <Filter>Managers</Filter>
    </ClInclude>
    <ClInclude Include="Lua\LuaDefinitions.Utils.h">
      <Filter>Lua</Filter>
    </ClInclude>
    <ClInclude Include="Lua\LuaDefinitions.Animation.h">
      <Filter>Lua</Filter>
    </ClInclude>
    <ClInclude Include="Lua\LuaDefinitions.Camera.h">
      <Filter>Lua</Filter>
    </ClInclude>
    <ClInclude Include="Lua\LuaDefinitions.Events.h">
      <Filter>Lua</Filter>
    </ClInclude>
    <ClInclude Include="Lua\LuaDefinitions.Font.h">
      <Filter>Lua</Filter>
    </ClInclude>
    <ClInclude Include="Lua\LuaDefinitions.Light.h">
      <Filter>Lua</Filter>
    </ClInclude>
    <ClInclude Include="Lua\LuaDefinitions.Model.h">
      <Filter>Lua</Filter>
    </ClInclude>
    <ClInclude Include="Lua\LuaDefinitions.OpenGL.h">
      <Filter>Lua</Filter>
    </ClInclude>
    <ClInclude Include="Lua\LuaDefinitions.Physics.h">
      <Filter>Lua</Filter>
    </ClInclude>
    <ClInclude Include="Lua\LuaDefinitions.Rendering.h">
      <Filter>Lua</Filter>
    </ClInclude>
    <ClInclude Include="Lua\LuaDefinitions.RenderTarget.h">
      <Filter>Lua</Filter>
    </ClInclude>
    <ClInclude Include="Lua\LuaDefinitions.Scene.h">
      <Filter>Lua</Filter>
    </ClInclude>
    <ClInclude Include="Lua\LuaDefinitions.Shader.h">
      <Filter>Lua</Filter>
    </ClInclude>
    <ClInclude Include="Lua\LuaDefinitions.Sound.h">
      <Filter>Lua</Filter>
    </ClInclude>
    <ClInclude Include="Lua\LuaDefinitions.Texture.h">
      <Filter>Lua</Filter>
    </ClInclude>
    <ClInclude Include="Model\Geometry.h">
      <Filter>Model</Filter>
    </ClInclude>
    <ClInclude Include="Lua\LuaDefinitions.Geometry.h">
      <Filter>Lua</Filter>
    </ClInclude>
    <ClInclude Include="Scene\File.h">
      <Filter>Scene</Filter>
    </ClInclude>
    <ClInclude Include="Lua\LuaDefinitions.File.h">
      <Filter>Lua</Filter>
    </ClInclude>
    <ClInclude Include="Managers\ConfigManager.h">
      <Filter>Managers</Filter>
    </ClInclude>
    <ClInclude Include="RocInc.h" />
    <ClInclude Include="Managers\PreRenderManager.h">
      <Filter>Managers</Filter>
    </ClInclude>
    <ClInclude Include="Scene\Collision.h">
      <Filter>Scene</Filter>
    </ClInclude>
    <ClInclude Include="Lua\LuaDefinitions.Collision.h">
      <Filter>Lua</Filter>
    </ClInclude>
    <ClInclude Include="Utils\Pool.h">
      <Filter>Utils</Filter>
    </ClInclude>
    <ClInclude Include="Managers\SfmlManager.h">
      <Filter>Managers</Filter>
    </ClInclude>
    <ClInclude Include="Lua\LuaDefinitions.Sfml.h">
      <Filter>Lua</Filter>
    </ClInclude>
  </ItemGroup>
  <ItemGroup>
    <Filter Include="Managers">
      <UniqueIdentifier>{f8d8920c-afbf-4349-a7bd-01f594fe4ff5}</UniqueIdentifier>
    </Filter>
    <Filter Include="Model">
      <UniqueIdentifier>{a4848be8-749d-4722-b9be-60417c3d920b}</UniqueIdentifier>
    </Filter>
    <Filter Include="Core">
      <UniqueIdentifier>{6a0ab0f6-32db-40f2-b394-ab0b541b2696}</UniqueIdentifier>
    </Filter>
    <Filter Include="Scene">
      <UniqueIdentifier>{1dbeae52-e4c1-4b58-9f40-6efc93f827de}</UniqueIdentifier>
    </Filter>
    <Filter Include="Lua">
      <UniqueIdentifier>{1dad6a8d-95a2-4217-90bc-abb923d239ee}</UniqueIdentifier>
    </Filter>
    <Filter Include="Utils">
      <UniqueIdentifier>{88d42307-eec7-47ea-bb06-8fdb1eb8c636}</UniqueIdentifier>
    </Filter>
    <Filter Include="vendor">
      <UniqueIdentifier>{00cfde40-a03e-4a92-af64-8eba29925623}</UniqueIdentifier>
    </Filter>
    <Filter Include="vendor\lodepng">
      <UniqueIdentifier>{4e770ace-bb25-4a85-80c9-eca34f0d68b2}</UniqueIdentifier>
    </Filter>
    <Filter Include="vendor\pugixml">
      <UniqueIdentifier>{8d9d0999-a8cd-424e-8e6d-7027214a0f77}</UniqueIdentifier>
    </Filter>
    <Filter Include="vendor\luauft8">
      <UniqueIdentifier>{d0c6621f-360e-48bb-9835-e3ab0b247d7a}</UniqueIdentifier>
    </Filter>
  </ItemGroup>
  <ItemGroup>
    <ResourceCompile Include="main_resource.rc" />
  </ItemGroup>
  <ItemGroup>
    <Image Include="icon.ico" />
  </ItemGroup>
</Project>