<?xml version="1.0" encoding="utf-8"?>
<Project ToolsVersion="4.0" xmlns="http://schemas.microsoft.com/developer/msbuild/2003">
  <ItemGroup>
    <ClCompile Include="Managers\EventManager.cpp">
      <Filter>Managers</Filter>
    </ClCompile>
    <ClCompile Include="Managers\InheritanceManager.cpp">
      <Filter>Managers</Filter>
    </ClCompile>
    <ClCompile Include="Managers\LogManager.cpp">
      <Filter>Managers</Filter>
    </ClCompile>
    <ClCompile Include="Managers\LuaManager.cpp">
      <Filter>Managers</Filter>
    </ClCompile>
    <ClCompile Include="Managers\SoundManager.cpp">
      <Filter>Managers</Filter>
    </ClCompile>
    <ClCompile Include="Core\Core.cpp">
      <Filter>Core</Filter>
    </ClCompile>
    <ClCompile Include="Lua\ArgReader.cpp">
      <Filter>Lua</Filter>
    </ClCompile>
    <ClCompile Include="Lua\LuaArguments.cpp">
      <Filter>Lua</Filter>
    </ClCompile>
    <ClCompile Include="main.cpp" />
    <ClCompile Include="..\vendor\pugixml\pugixml.cpp">
      <Filter>vendor\pugixml</Filter>
    </ClCompile>
    <ClCompile Include="Managers\ElementManager.cpp">
      <Filter>Managers</Filter>
    </ClCompile>
    <ClCompile Include="Managers\PhysicsManager.cpp">
      <Filter>Managers</Filter>
    </ClCompile>
    <ClCompile Include="Managers\ConfigManager.cpp">
      <Filter>Managers</Filter>
    </ClCompile>
    <ClCompile Include="stdafx.cpp" />
    <ClCompile Include="Managers\PreRenderManager.cpp">
      <Filter>Managers</Filter>
    </ClCompile>
    <ClCompile Include="..\vendor\luautf8\lutf8lib.c">
      <Filter>vendor\luauft8</Filter>
    </ClCompile>
    <ClCompile Include="Utils\Pool.cpp">
      <Filter>Utils</Filter>
    </ClCompile>
    <ClCompile Include="Managers\SfmlManager.cpp">
      <Filter>Managers</Filter>
    </ClCompile>
    <ClCompile Include="Utils\SystemTick.cpp">
      <Filter>Utils</Filter>
    </ClCompile>
    <ClCompile Include="Elements\Camera.cpp">
      <Filter>Elements</Filter>
    </ClCompile>
    <ClCompile Include="Elements\Collision.cpp">
      <Filter>Elements</Filter>
    </ClCompile>
    <ClCompile Include="Elements\File.cpp">
      <Filter>Elements</Filter>
    </ClCompile>
    <ClCompile Include="Elements\Font.cpp">
      <Filter>Elements</Filter>
    </ClCompile>
    <ClCompile Include="Elements\Light.cpp">
      <Filter>Elements</Filter>
    </ClCompile>
    <ClCompile Include="Elements\RenderTarget.cpp">
      <Filter>Elements</Filter>
    </ClCompile>
    <ClCompile Include="Elements\Scene.cpp">
      <Filter>Elements</Filter>
    </ClCompile>
    <ClCompile Include="Elements\Sound.cpp">
      <Filter>Elements</Filter>
    </ClCompile>
    <ClCompile Include="Elements\Texture.cpp">
      <Filter>Elements</Filter>
    </ClCompile>
    <ClCompile Include="Elements\Model\Model.cpp">
      <Filter>Elements\Model</Filter>
    </ClCompile>
    <ClCompile Include="Elements\Model\Skeleton.cpp">
      <Filter>Elements\Model</Filter>
    </ClCompile>
    <ClCompile Include="Elements\Model\Bone.cpp">
      <Filter>Elements\Model</Filter>
    </ClCompile>
    <ClCompile Include="Elements\Geometry\Geometry.cpp">
      <Filter>Elements\Geometry</Filter>
    </ClCompile>
    <ClCompile Include="Elements\Geometry\Material.cpp">
      <Filter>Elements\Geometry</Filter>
    </ClCompile>
    <ClCompile Include="Elements\Animation\Animation.cpp">
      <Filter>Elements\Animation</Filter>
    </ClCompile>
    <ClCompile Include="Elements\Animation\BoneFrameData.cpp">
      <Filter>Elements\Animation</Filter>
    </ClCompile>
    <ClCompile Include="Managers\RenderManager\RenderManager.cpp">
      <Filter>Managers\RenderManager</Filter>
    </ClCompile>
    <ClCompile Include="Managers\NetworkManager.cpp">
      <Filter>Managers</Filter>
    </ClCompile>
    <ClCompile Include="Elements\Element.cpp">
      <Filter>Elements</Filter>
    </ClCompile>
    <ClCompile Include="Elements\Drawable.cpp">
      <Filter>Elements</Filter>
    </ClCompile>
    <ClCompile Include="..\vendor\RectangleBinPack\MaxRectsBinPack.cpp">
      <Filter>vendor\RectangleBinPack</Filter>
    </ClCompile>
    <ClCompile Include="..\vendor\RectangleBinPack\Rect.cpp">
      <Filter>vendor\RectangleBinPack</Filter>
    </ClCompile>
    <ClCompile Include="Utils\CustomData.cpp">
      <Filter>Utils</Filter>
    </ClCompile>
    <ClCompile Include="Managers\RenderManager\Quad3D.cpp">
      <Filter>Managers\RenderManager</Filter>
    </ClCompile>
    <ClCompile Include="Utils\TreeNode.cpp">
      <Filter>Utils</Filter>
    </ClCompile>
    <ClCompile Include="Managers\AsyncManager.cpp">
      <Filter>Managers</Filter>
    </ClCompile>
    <ClCompile Include="Lua\LuaDefs\LuaAnimationDef.cpp">
      <Filter>Lua\LuaDefs</Filter>
    </ClCompile>
    <ClCompile Include="Lua\LuaDefs\LuaCameraDef.cpp">
      <Filter>Lua\LuaDefs</Filter>
    </ClCompile>
    <ClCompile Include="Lua\LuaDefs\LuaCollisionDef.cpp">
      <Filter>Lua\LuaDefs</Filter>
    </ClCompile>
    <ClCompile Include="Lua\LuaDefs\LuaDrawableDef.cpp">
      <Filter>Lua\LuaDefs</Filter>
    </ClCompile>
    <ClCompile Include="Lua\LuaDefs\LuaElementDef.cpp">
      <Filter>Lua\LuaDefs</Filter>
    </ClCompile>
    <ClCompile Include="Lua\LuaDefs\LuaEventsDef.cpp">
      <Filter>Lua\LuaDefs</Filter>
    </ClCompile>
    <ClCompile Include="Lua\LuaDefs\LuaFileDef.cpp">
      <Filter>Lua\LuaDefs</Filter>
    </ClCompile>
    <ClCompile Include="Lua\LuaDefs\LuaFontDef.cpp">
      <Filter>Lua\LuaDefs</Filter>
    </ClCompile>
    <ClCompile Include="Lua\LuaDefs\LuaGeometryDef.cpp">
      <Filter>Lua\LuaDefs</Filter>
    </ClCompile>
    <ClCompile Include="Lua\LuaDefs\LuaInputDef.cpp">
      <Filter>Lua\LuaDefs</Filter>
    </ClCompile>
    <ClCompile Include="Lua\LuaDefs\LuaLightDef.cpp">
      <Filter>Lua\LuaDefs</Filter>
    </ClCompile>
    <ClCompile Include="Lua\LuaDefs\LuaModelDef.cpp">
      <Filter>Lua\LuaDefs</Filter>
    </ClCompile>
    <ClCompile Include="Lua\LuaDefs\LuaNetworkDef.cpp">
      <Filter>Lua\LuaDefs</Filter>
    </ClCompile>
    <ClCompile Include="Lua\LuaDefs\LuaPhysicsDef.cpp">
      <Filter>Lua\LuaDefs</Filter>
    </ClCompile>
    <ClCompile Include="Lua\LuaDefs\LuaRenderingDef.cpp">
      <Filter>Lua\LuaDefs</Filter>
    </ClCompile>
    <ClCompile Include="Lua\LuaDefs\LuaRenderTargetDef.cpp">
      <Filter>Lua\LuaDefs</Filter>
    </ClCompile>
    <ClCompile Include="Lua\LuaDefs\LuaSceneDef.cpp">
      <Filter>Lua\LuaDefs</Filter>
    </ClCompile>
    <ClCompile Include="Lua\LuaDefs\LuaShaderDef.cpp">
      <Filter>Lua\LuaDefs</Filter>
    </ClCompile>
    <ClCompile Include="Lua\LuaDefs\LuaSoundDef.cpp">
      <Filter>Lua\LuaDefs</Filter>
    </ClCompile>
    <ClCompile Include="Lua\LuaDefs\LuaTextureDef.cpp">
      <Filter>Lua\LuaDefs</Filter>
    </ClCompile>
    <ClCompile Include="Lua\LuaDefs\LuaUtilsDef.cpp">
      <Filter>Lua\LuaDefs</Filter>
    </ClCompile>
    <ClCompile Include="Utils\GlobalConstants.cpp">
      <Filter>Utils</Filter>
    </ClCompile>
    <ClCompile Include="Utils\LuaUtils.cpp">
      <Filter>Utils</Filter>
    </ClCompile>
    <ClCompile Include="Utils\MathUtils.cpp">
      <Filter>Utils</Filter>
    </ClCompile>
    <ClCompile Include="Utils\zlibUtils.cpp">
      <Filter>Utils</Filter>
    </ClCompile>
    <ClCompile Include="Utils\PathUtils.cpp">
      <Filter>Utils</Filter>
    </ClCompile>
    <ClCompile Include="Utils\EnumUtils.cpp">
      <Filter>Utils</Filter>
    </ClCompile>
    <ClCompile Include="Lua\LuaDefs\LuaQuatDef.cpp">
      <Filter>Lua\LuaDefs</Filter>
    </ClCompile>
    <ClCompile Include="Elements\Model\AnimationController.cpp">
      <Filter>Elements\Model</Filter>
    </ClCompile>
    <ClCompile Include="Elements\Shader\Shader.cpp">
      <Filter>Elements\Shader</Filter>
    </ClCompile>
    <ClCompile Include="Elements\Shader\ShaderUniform.cpp">
      <Filter>Elements\Shader</Filter>
    </ClCompile>
    <ClCompile Include="Managers\RenderManager\Quad2D.cpp">
      <Filter>Managers\RenderManager</Filter>
    </ClCompile>
    <ClCompile Include="Utils\GLBinder.cpp">
      <Filter>Utils</Filter>
    </ClCompile>
    <ClCompile Include="Lua\LuaFunction.cpp">
      <Filter>Lua</Filter>
    </ClCompile>
    <ClCompile Include="Managers\VRManager.cpp">
      <Filter>Managers</Filter>
    </ClCompile>
    <ClCompile Include="Lua\LuaDefs\LuaVRDef.cpp">
      <Filter>Lua\LuaDefs</Filter>
    </ClCompile>
    <ClCompile Include="Utils\Transformation.cpp">
      <Filter>Utils</Filter>
    </ClCompile>
  </ItemGroup>
  <ItemGroup>
    <ClInclude Include="stdafx.h" />
    <ClInclude Include="Managers\EventManager.h">
      <Filter>Managers</Filter>
    </ClInclude>
    <ClInclude Include="Managers\InheritanceManager.h">
      <Filter>Managers</Filter>
    </ClInclude>
    <ClInclude Include="Managers\LogManager.h">
      <Filter>Managers</Filter>
    </ClInclude>
    <ClInclude Include="Managers\LuaManager.h">
      <Filter>Managers</Filter>
    </ClInclude>
    <ClInclude Include="Managers\SoundManager.h">
      <Filter>Managers</Filter>
    </ClInclude>
    <ClInclude Include="Core\Core.h">
      <Filter>Core</Filter>
    </ClInclude>
    <ClInclude Include="Lua\ArgReader.h">
      <Filter>Lua</Filter>
    </ClInclude>
    <ClInclude Include="Lua\LuaArguments.h">
      <Filter>Lua</Filter>
    </ClInclude>
    <ClInclude Include="Managers\ElementManager.h">
      <Filter>Managers</Filter>
    </ClInclude>
    <ClInclude Include="Managers\PhysicsManager.h">
      <Filter>Managers</Filter>
    </ClInclude>
    <ClInclude Include="Managers\ConfigManager.h">
      <Filter>Managers</Filter>
    </ClInclude>
    <ClInclude Include="RocInc.h" />
    <ClInclude Include="Managers\PreRenderManager.h">
      <Filter>Managers</Filter>
    </ClInclude>
    <ClInclude Include="Utils\Pool.h">
      <Filter>Utils</Filter>
    </ClInclude>
    <ClInclude Include="Managers\SfmlManager.h">
      <Filter>Managers</Filter>
    </ClInclude>
    <ClInclude Include="Utils\SystemTick.h">
      <Filter>Utils</Filter>
    </ClInclude>
    <ClInclude Include="Elements\Camera.h">
      <Filter>Elements</Filter>
    </ClInclude>
    <ClInclude Include="Elements\Collision.h">
      <Filter>Elements</Filter>
    </ClInclude>
    <ClInclude Include="Elements\File.h">
      <Filter>Elements</Filter>
    </ClInclude>
    <ClInclude Include="Elements\Font.h">
      <Filter>Elements</Filter>
    </ClInclude>
    <ClInclude Include="Elements\Light.h">
      <Filter>Elements</Filter>
    </ClInclude>
    <ClInclude Include="Elements\RenderTarget.h">
      <Filter>Elements</Filter>
    </ClInclude>
    <ClInclude Include="Elements\Scene.h">
      <Filter>Elements</Filter>
    </ClInclude>
    <ClInclude Include="Elements\Sound.h">
      <Filter>Elements</Filter>
    </ClInclude>
    <ClInclude Include="Elements\Texture.h">
      <Filter>Elements</Filter>
    </ClInclude>
    <ClInclude Include="Elements\Model\Model.h">
      <Filter>Elements\Model</Filter>
    </ClInclude>
    <ClInclude Include="Elements\Model\Skeleton.h">
      <Filter>Elements\Model</Filter>
    </ClInclude>
    <ClInclude Include="Elements\Model\Bone.h">
      <Filter>Elements\Model</Filter>
    </ClInclude>
    <ClInclude Include="Elements\Geometry\Geometry.h">
      <Filter>Elements\Geometry</Filter>
    </ClInclude>
    <ClInclude Include="Elements\Geometry\Material.h">
      <Filter>Elements\Geometry</Filter>
    </ClInclude>
    <ClInclude Include="Elements\Animation\Animation.h">
      <Filter>Elements\Animation</Filter>
    </ClInclude>
    <ClInclude Include="Elements\Animation\BoneFrameData.h">
      <Filter>Elements\Animation</Filter>
    </ClInclude>
    <ClInclude Include="Managers\RenderManager\RenderManager.h">
      <Filter>Managers\RenderManager</Filter>
    </ClInclude>
    <ClInclude Include="Managers\NetworkManager.h">
      <Filter>Managers</Filter>
    </ClInclude>
    <ClInclude Include="Elements\Element.h">
      <Filter>Elements</Filter>
    </ClInclude>
    <ClInclude Include="Elements\Drawable.h">
      <Filter>Elements</Filter>
    </ClInclude>
    <ClInclude Include="Utils\CustomData.h">
      <Filter>Utils</Filter>
    </ClInclude>
    <ClInclude Include="Elements\Geometry\BoneJointData.hpp">
      <Filter>Elements\Geometry</Filter>
    </ClInclude>
    <ClInclude Include="Elements\Geometry\BoneData.hpp">
      <Filter>Elements\Geometry</Filter>
    </ClInclude>
    <ClInclude Include="Elements\Geometry\BoneCollisionData.hpp">
      <Filter>Elements\Geometry</Filter>
    </ClInclude>
    <ClInclude Include="Managers\RenderManager\Quad3D.h">
      <Filter>Managers\RenderManager</Filter>
    </ClInclude>
    <ClInclude Include="Utils\TreeNode.h">
      <Filter>Utils</Filter>
    </ClInclude>
    <ClInclude Include="Managers\AsyncManager.h">
      <Filter>Managers</Filter>
    </ClInclude>
    <ClInclude Include="Lua\LuaDefs\LuaAnimationDef.h">
      <Filter>Lua\LuaDefs</Filter>
    </ClInclude>
    <ClInclude Include="Lua\LuaDefs\LuaCameraDef.h">
      <Filter>Lua\LuaDefs</Filter>
    </ClInclude>
    <ClInclude Include="Lua\LuaDefs\LuaCollisionDef.h">
      <Filter>Lua\LuaDefs</Filter>
    </ClInclude>
    <ClInclude Include="Lua\LuaDefs\LuaDrawableDef.h">
      <Filter>Lua\LuaDefs</Filter>
    </ClInclude>
    <ClInclude Include="Lua\LuaDefs\LuaElementDef.h">
      <Filter>Lua\LuaDefs</Filter>
    </ClInclude>
    <ClInclude Include="Lua\LuaDefs\LuaEventsDef.h">
      <Filter>Lua\LuaDefs</Filter>
    </ClInclude>
    <ClInclude Include="Lua\LuaDefs\LuaFileDef.h">
      <Filter>Lua\LuaDefs</Filter>
    </ClInclude>
    <ClInclude Include="Lua\LuaDefs\LuaFontDef.h">
      <Filter>Lua\LuaDefs</Filter>
    </ClInclude>
    <ClInclude Include="Lua\LuaDefs\LuaGeometryDef.h">
      <Filter>Lua\LuaDefs</Filter>
    </ClInclude>
    <ClInclude Include="Lua\LuaDefs\LuaInputDef.h">
      <Filter>Lua\LuaDefs</Filter>
    </ClInclude>
    <ClInclude Include="Lua\LuaDefs\LuaLightDef.h">
      <Filter>Lua\LuaDefs</Filter>
    </ClInclude>
    <ClInclude Include="Lua\LuaDefs\LuaModelDef.h">
      <Filter>Lua\LuaDefs</Filter>
    </ClInclude>
    <ClInclude Include="Lua\LuaDefs\LuaNetworkDef.h">
      <Filter>Lua\LuaDefs</Filter>
    </ClInclude>
    <ClInclude Include="Lua\LuaDefs\LuaPhysicsDef.h">
      <Filter>Lua\LuaDefs</Filter>
    </ClInclude>
    <ClInclude Include="Lua\LuaDefs\LuaRenderingDef.h">
      <Filter>Lua\LuaDefs</Filter>
    </ClInclude>
    <ClInclude Include="Lua\LuaDefs\LuaRenderTargetDef.h">
      <Filter>Lua\LuaDefs</Filter>
    </ClInclude>
    <ClInclude Include="Lua\LuaDefs\LuaSceneDef.h">
      <Filter>Lua\LuaDefs</Filter>
    </ClInclude>
    <ClInclude Include="Lua\LuaDefs\LuaShaderDef.h">
      <Filter>Lua\LuaDefs</Filter>
    </ClInclude>
    <ClInclude Include="Lua\LuaDefs\LuaSoundDef.h">
      <Filter>Lua\LuaDefs</Filter>
    </ClInclude>
    <ClInclude Include="Lua\LuaDefs\LuaTextureDef.h">
      <Filter>Lua\LuaDefs</Filter>
    </ClInclude>
    <ClInclude Include="Lua\LuaDefs\LuaUtilsDef.h">
      <Filter>Lua\LuaDefs</Filter>
    </ClInclude>
    <ClInclude Include="Utils\LuaUtils.h">
      <Filter>Utils</Filter>
    </ClInclude>
    <ClInclude Include="Utils\MathUtils.h">
      <Filter>Utils</Filter>
    </ClInclude>
    <ClInclude Include="Utils\zlibUtils.h">
      <Filter>Utils</Filter>
    </ClInclude>
    <ClInclude Include="Utils\PathUtils.h">
      <Filter>Utils</Filter>
    </ClInclude>
    <ClInclude Include="Utils\EnumUtils.h">
      <Filter>Utils</Filter>
    </ClInclude>
    <ClInclude Include="Lua\LuaDefs\LuaQuatDef.h">
      <Filter>Lua\LuaDefs</Filter>
    </ClInclude>
    <ClInclude Include="Elements\Model\AnimationController.h">
      <Filter>Elements\Model</Filter>
    </ClInclude>
    <ClInclude Include="Elements\Shader\Shader.h">
      <Filter>Elements\Shader</Filter>
    </ClInclude>
    <ClInclude Include="Elements\Shader\ShaderUniform.h">
      <Filter>Elements\Shader</Filter>
    </ClInclude>
    <ClInclude Include="Managers\RenderManager\Quad2D.h">
      <Filter>Managers\RenderManager</Filter>
    </ClInclude>
    <ClInclude Include="Utils\GLBinder.h">
      <Filter>Utils</Filter>
    </ClInclude>
    <ClInclude Include="Lua\LuaFunction.h">
      <Filter>Lua</Filter>
    </ClInclude>
    <ClInclude Include="Managers\VRManager.h">
      <Filter>Managers</Filter>
    </ClInclude>
    <ClInclude Include="Lua\LuaDefs\LuaVRDef.h">
      <Filter>Lua\LuaDefs</Filter>
    </ClInclude>
    <ClInclude Include="Utils\Transformation.h">
      <Filter>Utils</Filter>
    </ClInclude>
  </ItemGroup>
  <ItemGroup>
    <Filter Include="Managers">
      <UniqueIdentifier>{f8d8920c-afbf-4349-a7bd-01f594fe4ff5}</UniqueIdentifier>
    </Filter>
    <Filter Include="Core">
      <UniqueIdentifier>{6a0ab0f6-32db-40f2-b394-ab0b541b2696}</UniqueIdentifier>
    </Filter>
    <Filter Include="Lua">
      <UniqueIdentifier>{1dad6a8d-95a2-4217-90bc-abb923d239ee}</UniqueIdentifier>
    </Filter>
    <Filter Include="Utils">
      <UniqueIdentifier>{88d42307-eec7-47ea-bb06-8fdb1eb8c636}</UniqueIdentifier>
    </Filter>
    <Filter Include="vendor">
      <UniqueIdentifier>{00cfde40-a03e-4a92-af64-8eba29925623}</UniqueIdentifier>
    </Filter>
    <Filter Include="vendor\pugixml">
      <UniqueIdentifier>{8d9d0999-a8cd-424e-8e6d-7027214a0f77}</UniqueIdentifier>
    </Filter>
    <Filter Include="vendor\luauft8">
      <UniqueIdentifier>{d0c6621f-360e-48bb-9835-e3ab0b247d7a}</UniqueIdentifier>
    </Filter>
    <Filter Include="Elements">
      <UniqueIdentifier>{90b8520a-62ec-487a-943f-910711e249ee}</UniqueIdentifier>
    </Filter>
    <Filter Include="Elements\Model">
      <UniqueIdentifier>{1424056a-356b-463b-8cec-e9aa98dc1fe7}</UniqueIdentifier>
    </Filter>
    <Filter Include="Elements\Geometry">
      <UniqueIdentifier>{a5d2d388-da69-492e-b9c7-a96250bbf692}</UniqueIdentifier>
    </Filter>
    <Filter Include="Elements\Animation">
      <UniqueIdentifier>{970250c9-5a45-431a-9110-a0ebdac65cc9}</UniqueIdentifier>
    </Filter>
    <Filter Include="Managers\RenderManager">
      <UniqueIdentifier>{fe45f4a7-6fe6-45d6-b4fa-92094387cefc}</UniqueIdentifier>
    </Filter>
    <Filter Include="vendor\RectangleBinPack">
      <UniqueIdentifier>{c76d7d5d-de20-4028-a023-81513f1b9aa6}</UniqueIdentifier>
    </Filter>
    <Filter Include="Lua\LuaDefs">
      <UniqueIdentifier>{d49e28e1-7ff0-4271-b886-f458090d571a}</UniqueIdentifier>
    </Filter>
    <Filter Include="Elements\Shader">
      <UniqueIdentifier>{ff2440a4-1008-4d94-ad83-6e149765d7d6}</UniqueIdentifier>
    </Filter>
  </ItemGroup>
  <ItemGroup>
    <ResourceCompile Include="main_resource.rc" />
  </ItemGroup>
  <ItemGroup>
    <Image Include="icon.ico" />
  </ItemGroup>
</Project>