<?xml version="1.0" encoding="utf-8"?>
<Project ToolsVersion="4.0" xmlns="http://schemas.microsoft.com/developer/msbuild/2003">
  <ItemGroup>
    <ClCompile Include="Managers\EventManager.cpp">
      <Filter>Managers</Filter>
    </ClCompile>
    <ClCompile Include="Managers\InheritanceManager.cpp">
      <Filter>Managers</Filter>
    </ClCompile>
    <ClCompile Include="Managers\LogManager.cpp">
      <Filter>Managers</Filter>
    </ClCompile>
    <ClCompile Include="Managers\LuaManager.cpp">
      <Filter>Managers</Filter>
    </ClCompile>
    <ClCompile Include="Managers\MemoryManager.cpp">
      <Filter>Managers</Filter>
    </ClCompile>
    <ClCompile Include="Managers\SoundManager.cpp">
      <Filter>Managers</Filter>
    </ClCompile>
    <ClCompile Include="Core\Core.cpp">
      <Filter>Core</Filter>
    </ClCompile>
    <ClCompile Include="Lua\ArgReader.cpp">
      <Filter>Lua</Filter>
    </ClCompile>
    <ClCompile Include="Lua\LuaArguments.cpp">
      <Filter>Lua</Filter>
    </ClCompile>
    <ClCompile Include="Utils\Utils.cpp">
      <Filter>Utils</Filter>
    </ClCompile>
    <ClCompile Include="main.cpp" />
    <ClCompile Include="..\vendor\pugixml\pugixml.cpp">
      <Filter>vendor\pugixml</Filter>
    </ClCompile>
    <ClCompile Include="Managers\ElementManager.cpp">
      <Filter>Managers</Filter>
    </ClCompile>
    <ClCompile Include="Managers\PhysicsManager.cpp">
      <Filter>Managers</Filter>
    </ClCompile>
    <ClCompile Include="Lua\LuaDefinitions.Animation.cpp">
      <Filter>Lua</Filter>
    </ClCompile>
    <ClCompile Include="Lua\LuaDefinitions.Camera.cpp">
      <Filter>Lua</Filter>
    </ClCompile>
    <ClCompile Include="Lua\LuaDefinitions.Events.cpp">
      <Filter>Lua</Filter>
    </ClCompile>
    <ClCompile Include="Lua\LuaDefinitions.Font.cpp">
      <Filter>Lua</Filter>
    </ClCompile>
    <ClCompile Include="Lua\LuaDefinitions.Light.cpp">
      <Filter>Lua</Filter>
    </ClCompile>
    <ClCompile Include="Lua\LuaDefinitions.Model.cpp">
      <Filter>Lua</Filter>
    </ClCompile>
    <ClCompile Include="Lua\LuaDefinitions.OpenGL.cpp">
      <Filter>Lua</Filter>
    </ClCompile>
    <ClCompile Include="Lua\LuaDefinitions.Physics.cpp">
      <Filter>Lua</Filter>
    </ClCompile>
    <ClCompile Include="Lua\LuaDefinitions.Rendering.cpp">
      <Filter>Lua</Filter>
    </ClCompile>
    <ClCompile Include="Lua\LuaDefinitions.RenderTarget.cpp">
      <Filter>Lua</Filter>
    </ClCompile>
    <ClCompile Include="Lua\LuaDefinitions.Scene.cpp">
      <Filter>Lua</Filter>
    </ClCompile>
    <ClCompile Include="Lua\LuaDefinitions.Shader.cpp">
      <Filter>Lua</Filter>
    </ClCompile>
    <ClCompile Include="Lua\LuaDefinitions.Sound.cpp">
      <Filter>Lua</Filter>
    </ClCompile>
    <ClCompile Include="Lua\LuaDefinitions.Texture.cpp">
      <Filter>Lua</Filter>
    </ClCompile>
    <ClCompile Include="Lua\LuaDefinitions.Utils.cpp">
      <Filter>Lua</Filter>
    </ClCompile>
    <ClCompile Include="Lua\LuaDefinitions.Geometry.cpp">
      <Filter>Lua</Filter>
    </ClCompile>
    <ClCompile Include="Lua\LuaDefinitions.File.cpp">
      <Filter>Lua</Filter>
    </ClCompile>
    <ClCompile Include="Managers\ConfigManager.cpp">
      <Filter>Managers</Filter>
    </ClCompile>
    <ClCompile Include="stdafx.cpp" />
    <ClCompile Include="Managers\PreRenderManager.cpp">
      <Filter>Managers</Filter>
    </ClCompile>
    <ClCompile Include="..\vendor\luautf8\lutf8lib.c">
      <Filter>vendor\luauft8</Filter>
    </ClCompile>
    <ClCompile Include="Lua\LuaDefinitions.Collision.cpp">
      <Filter>Lua</Filter>
    </ClCompile>
    <ClCompile Include="Utils\Pool.cpp">
      <Filter>Utils</Filter>
    </ClCompile>
    <ClCompile Include="Managers\SfmlManager.cpp">
      <Filter>Managers</Filter>
    </ClCompile>
    <ClCompile Include="Lua\LuaDefinitions.Sfml.cpp">
      <Filter>Lua</Filter>
    </ClCompile>
    <ClCompile Include="Utils\SystemTick.cpp">
      <Filter>Utils</Filter>
    </ClCompile>
    <ClCompile Include="Elements\Camera.cpp">
      <Filter>Elements</Filter>
    </ClCompile>
    <ClCompile Include="Elements\Collision.cpp">
      <Filter>Elements</Filter>
    </ClCompile>
    <ClCompile Include="Elements\File.cpp">
      <Filter>Elements</Filter>
    </ClCompile>
    <ClCompile Include="Elements\Font.cpp">
      <Filter>Elements</Filter>
    </ClCompile>
    <ClCompile Include="Elements\Light.cpp">
      <Filter>Elements</Filter>
    </ClCompile>
    <ClCompile Include="Elements\RenderTarget.cpp">
      <Filter>Elements</Filter>
    </ClCompile>
    <ClCompile Include="Elements\Scene.cpp">
      <Filter>Elements</Filter>
    </ClCompile>
    <ClCompile Include="Elements\Shader.cpp">
      <Filter>Elements</Filter>
    </ClCompile>
    <ClCompile Include="Elements\Sound.cpp">
      <Filter>Elements</Filter>
    </ClCompile>
    <ClCompile Include="Elements\Texture.cpp">
      <Filter>Elements</Filter>
    </ClCompile>
    <ClCompile Include="Elements\Model\Model.cpp">
      <Filter>Elements\Model</Filter>
    </ClCompile>
    <ClCompile Include="Elements\Model\Skeleton.cpp">
      <Filter>Elements\Model</Filter>
    </ClCompile>
    <ClCompile Include="Elements\Model\Bone.cpp">
      <Filter>Elements\Model</Filter>
    </ClCompile>
    <ClCompile Include="Elements\Geometry\BoneCollisionData.cpp">
      <Filter>Elements\Geometry</Filter>
    </ClCompile>
    <ClCompile Include="Elements\Geometry\BoneData.cpp">
      <Filter>Elements\Geometry</Filter>
    </ClCompile>
    <ClCompile Include="Elements\Geometry\BoneJointData.cpp">
      <Filter>Elements\Geometry</Filter>
    </ClCompile>
    <ClCompile Include="Elements\Geometry\Geometry.cpp">
      <Filter>Elements\Geometry</Filter>
    </ClCompile>
    <ClCompile Include="Elements\Geometry\Material.cpp">
      <Filter>Elements\Geometry</Filter>
    </ClCompile>
    <ClCompile Include="Elements\Animation\Animation.cpp">
      <Filter>Elements\Animation</Filter>
    </ClCompile>
    <ClCompile Include="Elements\Animation\BoneFrameData.cpp">
      <Filter>Elements\Animation</Filter>
    </ClCompile>
    <ClCompile Include="Managers\RenderManager\RenderManager.cpp">
      <Filter>Managers\RenderManager</Filter>
    </ClCompile>
    <ClCompile Include="Managers\RenderManager\Quad.cpp">
      <Filter>Managers\RenderManager</Filter>
    </ClCompile>
  </ItemGroup>
  <ItemGroup>
    <ClInclude Include="stdafx.h" />
    <ClInclude Include="Managers\EventManager.h">
      <Filter>Managers</Filter>
    </ClInclude>
    <ClInclude Include="Managers\InheritanceManager.h">
      <Filter>Managers</Filter>
    </ClInclude>
    <ClInclude Include="Managers\LogManager.h">
      <Filter>Managers</Filter>
    </ClInclude>
    <ClInclude Include="Managers\LuaManager.h">
      <Filter>Managers</Filter>
    </ClInclude>
    <ClInclude Include="Managers\MemoryManager.h">
      <Filter>Managers</Filter>
    </ClInclude>
    <ClInclude Include="Managers\SoundManager.h">
      <Filter>Managers</Filter>
    </ClInclude>
    <ClInclude Include="Core\Core.h">
      <Filter>Core</Filter>
    </ClInclude>
    <ClInclude Include="Lua\ArgReader.h">
      <Filter>Lua</Filter>
    </ClInclude>
    <ClInclude Include="Lua\LuaArguments.h">
      <Filter>Lua</Filter>
    </ClInclude>
    <ClInclude Include="Utils\Utils.h">
      <Filter>Utils</Filter>
    </ClInclude>
    <ClInclude Include="Managers\ElementManager.h">
      <Filter>Managers</Filter>
    </ClInclude>
    <ClInclude Include="Managers\PhysicsManager.h">
      <Filter>Managers</Filter>
    </ClInclude>
    <ClInclude Include="Lua\LuaDefinitions.Utils.h">
      <Filter>Lua</Filter>
    </ClInclude>
    <ClInclude Include="Lua\LuaDefinitions.Animation.h">
      <Filter>Lua</Filter>
    </ClInclude>
    <ClInclude Include="Lua\LuaDefinitions.Camera.h">
      <Filter>Lua</Filter>
    </ClInclude>
    <ClInclude Include="Lua\LuaDefinitions.Events.h">
      <Filter>Lua</Filter>
    </ClInclude>
    <ClInclude Include="Lua\LuaDefinitions.Font.h">
      <Filter>Lua</Filter>
    </ClInclude>
    <ClInclude Include="Lua\LuaDefinitions.Light.h">
      <Filter>Lua</Filter>
    </ClInclude>
    <ClInclude Include="Lua\LuaDefinitions.Model.h">
      <Filter>Lua</Filter>
    </ClInclude>
    <ClInclude Include="Lua\LuaDefinitions.OpenGL.h">
      <Filter>Lua</Filter>
    </ClInclude>
    <ClInclude Include="Lua\LuaDefinitions.Physics.h">
      <Filter>Lua</Filter>
    </ClInclude>
    <ClInclude Include="Lua\LuaDefinitions.Rendering.h">
      <Filter>Lua</Filter>
    </ClInclude>
    <ClInclude Include="Lua\LuaDefinitions.RenderTarget.h">
      <Filter>Lua</Filter>
    </ClInclude>
    <ClInclude Include="Lua\LuaDefinitions.Scene.h">
      <Filter>Lua</Filter>
    </ClInclude>
    <ClInclude Include="Lua\LuaDefinitions.Shader.h">
      <Filter>Lua</Filter>
    </ClInclude>
    <ClInclude Include="Lua\LuaDefinitions.Sound.h">
      <Filter>Lua</Filter>
    </ClInclude>
    <ClInclude Include="Lua\LuaDefinitions.Texture.h">
      <Filter>Lua</Filter>
    </ClInclude>
    <ClInclude Include="Lua\LuaDefinitions.Geometry.h">
      <Filter>Lua</Filter>
    </ClInclude>
    <ClInclude Include="Lua\LuaDefinitions.File.h">
      <Filter>Lua</Filter>
    </ClInclude>
    <ClInclude Include="Managers\ConfigManager.h">
      <Filter>Managers</Filter>
    </ClInclude>
    <ClInclude Include="RocInc.h" />
    <ClInclude Include="Managers\PreRenderManager.h">
      <Filter>Managers</Filter>
    </ClInclude>
    <ClInclude Include="Lua\LuaDefinitions.Collision.h">
      <Filter>Lua</Filter>
    </ClInclude>
    <ClInclude Include="Utils\Pool.h">
      <Filter>Utils</Filter>
    </ClInclude>
    <ClInclude Include="Managers\SfmlManager.h">
      <Filter>Managers</Filter>
    </ClInclude>
    <ClInclude Include="Lua\LuaDefinitions.Sfml.h">
      <Filter>Lua</Filter>
    </ClInclude>
    <ClInclude Include="Utils\SystemTick.h">
      <Filter>Utils</Filter>
    </ClInclude>
    <ClInclude Include="Elements\Camera.h">
      <Filter>Elements</Filter>
    </ClInclude>
    <ClInclude Include="Elements\Collision.h">
      <Filter>Elements</Filter>
    </ClInclude>
    <ClInclude Include="Elements\File.h">
      <Filter>Elements</Filter>
    </ClInclude>
    <ClInclude Include="Elements\Font.h">
      <Filter>Elements</Filter>
    </ClInclude>
    <ClInclude Include="Elements\Light.h">
      <Filter>Elements</Filter>
    </ClInclude>
    <ClInclude Include="Elements\RenderTarget.h">
      <Filter>Elements</Filter>
    </ClInclude>
    <ClInclude Include="Elements\Scene.h">
      <Filter>Elements</Filter>
    </ClInclude>
    <ClInclude Include="Elements\Shader.h">
      <Filter>Elements</Filter>
    </ClInclude>
    <ClInclude Include="Elements\Sound.h">
      <Filter>Elements</Filter>
    </ClInclude>
    <ClInclude Include="Elements\Texture.h">
      <Filter>Elements</Filter>
    </ClInclude>
    <ClInclude Include="Elements\Model\Model.h">
      <Filter>Elements\Model</Filter>
    </ClInclude>
    <ClInclude Include="Elements\Model\Skeleton.h">
      <Filter>Elements\Model</Filter>
    </ClInclude>
    <ClInclude Include="Elements\Model\Bone.h">
      <Filter>Elements\Model</Filter>
    </ClInclude>
    <ClInclude Include="Elements\Geometry\BoneCollisionData.h">
      <Filter>Elements\Geometry</Filter>
    </ClInclude>
    <ClInclude Include="Elements\Geometry\BoneData.h">
      <Filter>Elements\Geometry</Filter>
    </ClInclude>
    <ClInclude Include="Elements\Geometry\BoneJointData.h">
      <Filter>Elements\Geometry</Filter>
    </ClInclude>
    <ClInclude Include="Elements\Geometry\Geometry.h">
      <Filter>Elements\Geometry</Filter>
    </ClInclude>
    <ClInclude Include="Elements\Geometry\Material.h">
      <Filter>Elements\Geometry</Filter>
    </ClInclude>
    <ClInclude Include="Elements\Animation\Animation.h">
      <Filter>Elements\Animation</Filter>
    </ClInclude>
    <ClInclude Include="Elements\Animation\BoneFrameData.h">
      <Filter>Elements\Animation</Filter>
    </ClInclude>
    <ClInclude Include="Managers\RenderManager\Quad.h">
      <Filter>Managers\RenderManager</Filter>
    </ClInclude>
    <ClInclude Include="Managers\RenderManager\RenderManager.h">
      <Filter>Managers\RenderManager</Filter>
    </ClInclude>
  </ItemGroup>
  <ItemGroup>
    <Filter Include="Managers">
      <UniqueIdentifier>{f8d8920c-afbf-4349-a7bd-01f594fe4ff5}</UniqueIdentifier>
    </Filter>
    <Filter Include="Core">
      <UniqueIdentifier>{6a0ab0f6-32db-40f2-b394-ab0b541b2696}</UniqueIdentifier>
    </Filter>
    <Filter Include="Lua">
      <UniqueIdentifier>{1dad6a8d-95a2-4217-90bc-abb923d239ee}</UniqueIdentifier>
    </Filter>
    <Filter Include="Utils">
      <UniqueIdentifier>{88d42307-eec7-47ea-bb06-8fdb1eb8c636}</UniqueIdentifier>
    </Filter>
    <Filter Include="vendor">
      <UniqueIdentifier>{00cfde40-a03e-4a92-af64-8eba29925623}</UniqueIdentifier>
    </Filter>
    <Filter Include="vendor\pugixml">
      <UniqueIdentifier>{8d9d0999-a8cd-424e-8e6d-7027214a0f77}</UniqueIdentifier>
    </Filter>
    <Filter Include="vendor\luauft8">
      <UniqueIdentifier>{d0c6621f-360e-48bb-9835-e3ab0b247d7a}</UniqueIdentifier>
    </Filter>
    <Filter Include="Elements">
      <UniqueIdentifier>{90b8520a-62ec-487a-943f-910711e249ee}</UniqueIdentifier>
    </Filter>
    <Filter Include="Elements\Model">
      <UniqueIdentifier>{1424056a-356b-463b-8cec-e9aa98dc1fe7}</UniqueIdentifier>
    </Filter>
    <Filter Include="Elements\Geometry">
      <UniqueIdentifier>{a5d2d388-da69-492e-b9c7-a96250bbf692}</UniqueIdentifier>
    </Filter>
    <Filter Include="Elements\Animation">
      <UniqueIdentifier>{970250c9-5a45-431a-9110-a0ebdac65cc9}</UniqueIdentifier>
    </Filter>
    <Filter Include="Managers\RenderManager">
      <UniqueIdentifier>{fe45f4a7-6fe6-45d6-b4fa-92094387cefc}</UniqueIdentifier>
    </Filter>
  </ItemGroup>
  <ItemGroup>
    <ResourceCompile Include="main_resource.rc" />
  </ItemGroup>
  <ItemGroup>
    <Image Include="icon.ico" />
  </ItemGroup>
</Project>